{
  "requires": true,
  "lockfileVersion": 1,
  "dependencies": {
    "angular-tree-component": {
      "version": "8.5.6",
      "resolved": "https://registry.npmjs.org/angular-tree-component/-/angular-tree-component-8.5.6.tgz",
      "integrity": "sha512-cxNem6872diZz9kIGqrjSJbKt0P3WSq9wTqZIeVJ8zsddI4Y6ShAVZlZNXUMRyJq246c9pJ6JJEAOzKVLk9xgA==",
      "requires": {
        "lodash": "^4.17.11",
        "mobx": "^4.15.1"
      }
    },
    "lodash": {
      "version": "4.17.19",
      "resolved": "https://registry.npmjs.org/lodash/-/lodash-4.17.19.tgz",
      "integrity": "sha512-JNvd8XER9GQX0v2qJgsaN/mzFCNA5BRe/j8JN9d+tWyGLSodKQHKFicdwNYzWwI3wjRnaKPsGj1XkBjx/F96DQ=="
    },
    "mobx": {
      "version": "4.15.4",
      "resolved": "https://registry.npmjs.org/mobx/-/mobx-4.15.4.tgz",
      "integrity": "sha512-nyuHPqmKnVOnbvkjR8OrijBtovxAHYC+JU8/qBqvBw4Dez/n+zzxqNHbZNFy7/07+wwc/Qz7JS9WSfy1LcYISA=="
    }
  }
}
